
Microsoft Visual Studio Solution File, Format Version 12.00
# Visual Studio Version 17
VisualStudioVersion = 17.11.35327.3
MinimumVisualStudioVersion = 10.0.40219.1
Project("{9A19103F-16F7-4668-BE54-9A1E7A4F7556}") = "OOPMultiBankAccount", "Practice2_OOPMultiBankAccount\OOPMultiBankAccount.csproj", "{696E59C3-9F21-4239-B47D-43352189929B}"
EndProject
Project("{9A19103F-16F7-4668-BE54-9A1E7A4F7556}") = "ConsoleMenu", "ConsoleMenu\ConsoleMenu.csproj", "{822DF4CA-5D32-4AB5-A97B-67053EC36A65}"
EndProject
Project("{9A19103F-16F7-4668-BE54-9A1E7A4F7556}") = "WorkersManagement", "Practice3_Part2_WorkersManagement\WorkersManagement.csproj", "{EE288915-4267-4D8F-8BC8-4CE2FCFEDA78}"
EndProject
Global
	GlobalSection(SolutionConfigurationPlatforms) = preSolution
		Debug|Any CPU = Debug|Any CPU
		Release|Any CPU = Release|Any CPU
	EndGlobalSection
	GlobalSection(ProjectConfigurationPlatforms) = postSolution
		{696E59C3-9F21-4239-B47D-43352189929B}.Debug|Any CPU.ActiveCfg = Debug|Any CPU
		{696E59C3-9F21-4239-B47D-43352189929B}.Debug|Any CPU.Build.0 = Debug|Any CPU
		{696E59C3-9F21-4239-B47D-43352189929B}.Release|Any CPU.ActiveCfg = Release|Any CPU
		{696E59C3-9F21-4239-B47D-43352189929B}.Release|Any CPU.Build.0 = Release|Any CPU
		{822DF4CA-5D32-4AB5-A97B-67053EC36A65}.Debug|Any CPU.ActiveCfg = Debug|Any CPU
		{822DF4CA-5D32-4AB5-A97B-67053EC36A65}.Debug|Any CPU.Build.0 = Debug|Any CPU
		{822DF4CA-5D32-4AB5-A97B-67053EC36A65}.Release|Any CPU.ActiveCfg = Release|Any CPU
		{822DF4CA-5D32-4AB5-A97B-67053EC36A65}.Release|Any CPU.Build.0 = Release|Any CPU
		{EE288915-4267-4D8F-8BC8-4CE2FCFEDA78}.Debug|Any CPU.ActiveCfg = Debug|Any CPU
		{EE288915-4267-4D8F-8BC8-4CE2FCFEDA78}.Debug|Any CPU.Build.0 = Debug|Any CPU
		{EE288915-4267-4D8F-8BC8-4CE2FCFEDA78}.Release|Any CPU.ActiveCfg = Release|Any CPU
		{EE288915-4267-4D8F-8BC8-4CE2FCFEDA78}.Release|Any CPU.Build.0 = Release|Any CPU
	EndGlobalSection
	GlobalSection(SolutionProperties) = preSolution
		HideSolutionNode = FALSE
	EndGlobalSection
	GlobalSection(ExtensibilityGlobals) = postSolution
		SolutionGuid = {DE8BB6CE-43E0-4D71-8EED-0757FA0ED3E1}
	EndGlobalSection
EndGlobal
