
Microsoft Visual Studio Solution File, Format Version 12.00
# Visual Studio Version 17
VisualStudioVersion = 17.11.35327.3
MinimumVisualStudioVersion = 10.0.40219.1
Project("{9A19103F-16F7-4668-BE54-9A1E7A4F7556}") = "MonoBankAccount", "MonoBankAccount\MonoBankAccount.csproj", "{37C2C87A-B0FC-4945-B11B-D36E0E22AA51}"
EndProject
Project("{9A19103F-16F7-4668-BE54-9A1E7A4F7556}") = "MultiBankAccount", "MultiBankAccount\MultiBankAccount.csproj", "{7D1612B1-4B71-4B98-AA12-6BE40414C666}"
EndProject
Global
	GlobalSection(SolutionConfigurationPlatforms) = preSolution
		Debug|Any CPU = Debug|Any CPU
		Release|Any CPU = Release|Any CPU
	EndGlobalSection
	GlobalSection(ProjectConfigurationPlatforms) = postSolution
		{37C2C87A-B0FC-4945-B11B-D36E0E22AA51}.Debug|Any CPU.ActiveCfg = Debug|Any CPU
		{37C2C87A-B0FC-4945-B11B-D36E0E22AA51}.Debug|Any CPU.Build.0 = Debug|Any CPU
		{37C2C87A-B0FC-4945-B11B-D36E0E22AA51}.Release|Any CPU.ActiveCfg = Release|Any CPU
		{37C2C87A-B0FC-4945-B11B-D36E0E22AA51}.Release|Any CPU.Build.0 = Release|Any CPU
		{7D1612B1-4B71-4B98-AA12-6BE40414C666}.Debug|Any CPU.ActiveCfg = Debug|Any CPU
		{7D1612B1-4B71-4B98-AA12-6BE40414C666}.Debug|Any CPU.Build.0 = Debug|Any CPU
		{7D1612B1-4B71-4B98-AA12-6BE40414C666}.Release|Any CPU.ActiveCfg = Release|Any CPU
		{7D1612B1-4B71-4B98-AA12-6BE40414C666}.Release|Any CPU.Build.0 = Release|Any CPU
	EndGlobalSection
	GlobalSection(SolutionProperties) = preSolution
		HideSolutionNode = FALSE
	EndGlobalSection
	GlobalSection(ExtensibilityGlobals) = postSolution
		SolutionGuid = {82FB30D3-03E8-4AF2-94FB-ABACD8127AC7}
	EndGlobalSection
EndGlobal
